// !$*UTF8*$!
{
	archiveVersion = 1;
	classes = {
	};
	objectVersion = 50;
	objects = {

/* Begin PBXBuildFile section */
		6EAD6047244F7A1500B7B62F /* AppDelegate.swift in Sources */ = {isa = PBXBuildFile; fileRef = 6EAD6046244F7A1500B7B62F /* AppDelegate.swift */; };
		6EAD6049244F7A1500B7B62F /* SceneDelegate.swift in Sources */ = {isa = PBXBuildFile; fileRef = 6EAD6048244F7A1500B7B62F /* SceneDelegate.swift */; };
		6EAD604B244F7A1500B7B62F /* ViewController.swift in Sources */ = {isa = PBXBuildFile; fileRef = 6EAD604A244F7A1500B7B62F /* ViewController.swift */; };
		6EAD604E244F7A1500B7B62F /* Main.storyboard in Resources */ = {isa = PBXBuildFile; fileRef = 6EAD604C244F7A1500B7B62F /* Main.storyboard */; };
		6EAD6050244F7A1F00B7B62F /* Assets.xcassets in Resources */ = {isa = PBXBuildFile; fileRef = 6EAD604F244F7A1F00B7B62F /* Assets.xcassets */; };
		6EAD6053244F7A1F00B7B62F /* LaunchScreen.storyboard in Resources */ = {isa = PBXBuildFile; fileRef = 6EAD6051244F7A1F00B7B62F /* LaunchScreen.storyboard */; };
		6EAD605D244F7C8D00B7B62F /* CircleImageView.swift in Sources */ = {isa = PBXBuildFile; fileRef = 6EAD605C244F7C8D00B7B62F /* CircleImageView.swift */; };
/* End PBXBuildFile section */

/* Begin PBXFileReference section */
		6EAD6043244F7A1500B7B62F /* WordLinks.app */ = {isa = PBXFileReference; explicitFileType = wrapper.application; includeInIndex = 0; path = WordLinks.app; sourceTree = BUILT_PRODUCTS_DIR; };
		6EAD6046244F7A1500B7B62F /* AppDelegate.swift */ = {isa = PBXFileReference; lastKnownFileType = sourcecode.swift; path = AppDelegate.swift; sourceTree = "<group>"; };
		6EAD6048244F7A1500B7B62F /* SceneDelegate.swift */ = {isa = PBXFileReference; lastKnownFileType = sourcecode.swift; path = SceneDelegate.swift; sourceTree = "<group>"; };
		6EAD604A244F7A1500B7B62F /* ViewController.swift */ = {isa = PBXFileReference; lastKnownFileType = sourcecode.swift; path = ViewController.swift; sourceTree = "<group>"; };
		6EAD604D244F7A1500B7B62F /* Base */ = {isa = PBXFileReference; lastKnownFileType = file.storyboard; name = Base; path = Base.lproj/Main.storyboard; sourceTree = "<group>"; };
		6EAD604F244F7A1F00B7B62F /* Assets.xcassets */ = {isa = PBXFileReference; lastKnownFileType = folder.assetcatalog; path = Assets.xcassets; sourceTree = "<group>"; };
		6EAD6052244F7A1F00B7B62F /* Base */ = {isa = PBXFileReference; lastKnownFileType = file.storyboard; name = Base; path = Base.lproj/LaunchScreen.storyboard; sourceTree = "<group>"; };
		6EAD6054244F7A1F00B7B62F /* Info.plist */ = {isa = PBXFileReference; lastKnownFileType = text.plist.xml; path = Info.plist; sourceTree = "<group>"; };
		6EAD605C244F7C8D00B7B62F /* CircleImageView.swift */ = {isa = PBXFileReference; lastKnownFileType = sourcecode.swift; path = CircleImageView.swift; sourceTree = "<group>"; };
/* End PBXFileReference section */

/* Begin PBXFrameworksBuildPhase section */
		6EAD6040244F7A1500B7B62F /* Frameworks */ = {
			isa = PBXFrameworksBuildPhase;
			buildActionMask = 2147483647;
			files = (
			);
			runOnlyForDeploymentPostprocessing = 0;
		};
/* End PBXFrameworksBuildPhase section */

/* Begin PBXGroup section */
		6EAD603A244F7A1400B7B62F = {
			isa = PBXGroup;
			children = (
				6EAD6045244F7A1500B7B62F /* WordLinks */,
				6EAD6044244F7A1500B7B62F /* Products */,
			);
			sourceTree = "<group>";
		};
		6EAD6044244F7A1500B7B62F /* Products */ = {
			isa = PBXGroup;
			children = (
				6EAD6043244F7A1500B7B62F /* WordLinks.app */,
			);
			name = Products;
			sourceTree = "<group>";
		};
		6EAD6045244F7A1500B7B62F /* WordLinks */ = {
			isa = PBXGroup;
			children = (
				6EAD6046244F7A1500B7B62F /* AppDelegate.swift */,
				6EAD6048244F7A1500B7B62F /* SceneDelegate.swift */,
				6EAD605C244F7C8D00B7B62F /* CircleImageView.swift */,
				6EAD604A244F7A1500B7B62F /* ViewController.swift */,
				6EAD604C244F7A1500B7B62F /* Main.storyboard */,
				6EAD604F244F7A1F00B7B62F /* Assets.xcassets */,
				6EAD6051244F7A1F00B7B62F /* LaunchScreen.storyboard */,
				6EAD6054244F7A1F00B7B62F /* Info.plist */,
			);
			path = WordLinks;
			sourceTree = "<group>";
		};
/* End PBXGroup section */

/* Begin PBXNativeTarget section */
		6EAD6042244F7A1500B7B62F /* WordLinks */ = {
			isa = PBXNativeTarget;
			buildConfigurationList = 6EAD6057244F7A1F00B7B62F /* Build configuration list for PBXNativeTarget "WordLinks" */;
			buildPhases = (
				6EAD603F244F7A1500B7B62F /* Sources */,
				6EAD6040244F7A1500B7B62F /* Frameworks */,
				6EAD6041244F7A1500B7B62F /* Resources */,
			);
			buildRules = (
			);
			dependencies = (
			);
			name = WordLinks;
			productName = WordLinks;
			productReference = 6EAD6043244F7A1500B7B62F /* WordLinks.app */;
			productType = "com.apple.product-type.application";
		};
/* End PBXNativeTarget section */

/* Begin PBXProject section */
		6EAD603B244F7A1500B7B62F /* Project object */ = {
			isa = PBXProject;
			attributes = {
				LastSwiftUpdateCheck = 1140;
				LastUpgradeCheck = 1140;
				ORGANIZATIONNAME = "spice-girls-cs194";
				TargetAttributes = {
					6EAD6042244F7A1500B7B62F = {
						CreatedOnToolsVersion = 11.4.1;
					};
				};
			};
			buildConfigurationList = 6EAD603E244F7A1500B7B62F /* Build configuration list for PBXProject "WordLinks" */;
			compatibilityVersion = "Xcode 9.3";
			developmentRegion = en;
			hasScannedForEncodings = 0;
			knownRegions = (
				en,
				Base,
			);
			mainGroup = 6EAD603A244F7A1400B7B62F;
			productRefGroup = 6EAD6044244F7A1500B7B62F /* Products */;
			projectDirPath = "";
			projectRoot = "";
			targets = (
				6EAD6042244F7A1500B7B62F /* WordLinks */,
			);
		};
/* End PBXProject section */

/* Begin PBXResourcesBuildPhase section */
		6EAD6041244F7A1500B7B62F /* Resources */ = {
			isa = PBXResourcesBuildPhase;
			buildActionMask = 2147483647;
			files = (
				6EAD6053244F7A1F00B7B62F /* LaunchScreen.storyboard in Resources */,
				6EAD6050244F7A1F00B7B62F /* Assets.xcassets in Resources */,
				6EAD604E244F7A1500B7B62F /* Main.storyboard in Resources */,
			);
			runOnlyForDeploymentPostprocessing = 0;
		};
/* End PBXResourcesBuildPhase section */

/* Begin PBXSourcesBuildPhase section */
		6EAD603F244F7A1500B7B62F /* Sources */ = {
			isa = PBXSourcesBuildPhase;
			buildActionMask = 2147483647;
			files = (
				6EAD605D244F7C8D00B7B62F /* CircleImageView.swift in Sources */,
				6EAD604B244F7A1500B7B62F /* ViewController.swift in Sources */,
				6EAD6047244F7A1500B7B62F /* AppDelegate.swift in Sources */,
				6EAD6049244F7A1500B7B62F /* SceneDelegate.swift in Sources */,
			);
			runOnlyForDeploymentPostprocessing = 0;
		};
/* End PBXSourcesBuildPhase section */

/* Begin PBXVariantGroup section */
		6EAD604C244F7A1500B7B62F /* Main.storyboard */ = {
			isa = PBXVariantGroup;
			children = (
				6EAD604D244F7A1500B7B62F /* Base */,
			);
			name = Main.storyboard;
			sourceTree = "<group>";
		};
		6EAD6051244F7A1F00B7B62F /* LaunchScreen.storyboard */ = {
			isa = PBXVariantGroup;
			children = (
				6EAD6052244F7A1F00B7B62F /* Base */,
			);
			name = LaunchScreen.storyboard;
			sourceTree = "<group>";
		};
/* End PBXVariantGroup section */

/* Begin XCBuildConfiguration section */
		6EAD6055244F7A1F00B7B62F /* Debug */ = {
			isa = XCBuildConfiguration;
			buildSettings = {
				ALWAYS_SEARCH_USER_PATHS = NO;
				CLANG_ANALYZER_NONNULL = YES;
				CLANG_ANALYZER_NUMBER_OBJECT_CONVERSION = YES_AGGRESSIVE;
				CLANG_CXX_LANGUAGE_STANDARD = "gnu++14";
				CLANG_CXX_LIBRARY = "libc++";
				CLANG_ENABLE_MODULES = YES;
				CLANG_ENABLE_OBJC_ARC = YES;
				CLANG_ENABLE_OBJC_WEAK = YES;
				CLANG_WARN_BLOCK_CAPTURE_AUTORELEASING = YES;
				CLANG_WARN_BOOL_CONVERSION = YES;
				CLANG_WARN_COMMA = YES;
				CLANG_WARN_CONSTANT_CONVERSION = YES;
				CLANG_WARN_DEPRECATED_OBJC_IMPLEMENTATIONS = YES;
				CLANG_WARN_DIRECT_OBJC_ISA_USAGE = YES_ERROR;
				CLANG_WARN_DOCUMENTATION_COMMENTS = YES;
				CLANG_WARN_EMPTY_BODY = YES;
				CLANG_WARN_ENUM_CONVERSION = YES;
				CLANG_WARN_INFINITE_RECURSION = YES;
				CLANG_WARN_INT_CONVERSION = YES;
				CLANG_WARN_NON_LITERAL_NULL_CONVERSION = YES;
				CLANG_WARN_OBJC_IMPLICIT_RETAIN_SELF = YES;
				CLANG_WARN_OBJC_LITERAL_CONVERSION = YES;
				CLANG_WARN_OBJC_ROOT_CLASS = YES_ERROR;
				CLANG_WARN_RANGE_LOOP_ANALYSIS = YES;
				CLANG_WARN_STRICT_PROTOTYPES = YES;
				CLANG_WARN_SUSPICIOUS_MOVE = YES;
				CLANG_WARN_UNGUARDED_AVAILABILITY = YES_AGGRESSIVE;
				CLANG_WARN_UNREACHABLE_CODE = YES;
				CLANG_WARN__DUPLICATE_METHOD_MATCH = YES;
				COPY_PHASE_STRIP = NO;
				DEBUG_INFORMATION_FORMAT = dwarf;
				ENABLE_STRICT_OBJC_MSGSEND = YES;
				ENABLE_TESTABILITY = YES;
				GCC_C_LANGUAGE_STANDARD = gnu11;
				GCC_DYNAMIC_NO_PIC = NO;
				GCC_NO_COMMON_BLOCKS = YES;
				GCC_OPTIMIZATION_LEVEL = 0;
				GCC_PREPROCESSOR_DEFINITIONS = (
					"DEBUG=1",
					"$(inherited)",
				);
				GCC_WARN_64_TO_32_BIT_CONVERSION = YES;
				GCC_WARN_ABOUT_RETURN_TYPE = YES_ERROR;
				GCC_WARN_UNDECLARED_SELECTOR = YES;
				GCC_WARN_UNINITIALIZED_AUTOS = YES_AGGRESSIVE;
				GCC_WARN_UNUSED_FUNCTION = YES;
				GCC_WARN_UNUSED_VARIABLE = YES;
				IPHONEOS_DEPLOYMENT_TARGET = 13.4;
				MTL_ENABLE_DEBUG_INFO = INCLUDE_SOURCE;
				MTL_FAST_MATH = YES;
				ONLY_ACTIVE_ARCH = YES;
				SDKROOT = iphoneos;
				SWIFT_ACTIVE_COMPILATION_CONDITIONS = DEBUG;
				SWIFT_OPTIMIZATION_LEVEL = "-Onone";
			};
			name = Debug;
		};
		6EAD6056244F7A1F00B7B62F /* Release */ = {
			isa = XCBuildConfiguration;
			buildSettings = {
				ALWAYS_SEARCH_USER_PATHS = NO;
				CLANG_ANALYZER_NONNULL = YES;
				CLANG_ANALYZER_NUMBER_OBJECT_CONVERSION = YES_AGGRESSIVE;
				CLANG_CXX_LANGUAGE_STANDARD = "gnu++14";
				CLANG_CXX_LIBRARY = "libc++";
				CLANG_ENABLE_MODULES = YES;
				CLANG_ENABLE_OBJC_ARC = YES;
				CLANG_ENABLE_OBJC_WEAK = YES;
				CLANG_WARN_BLOCK_CAPTURE_AUTORELEASING = YES;
				CLANG_WARN_BOOL_CONVERSION = YES;
				CLANG_WARN_COMMA = YES;
				CLANG_WARN_CONSTANT_CONVERSION = YES;
				CLANG_WARN_DEPRECATED_OBJC_IMPLEMENTATIONS = YES;
				CLANG_WARN_DIRECT_OBJC_ISA_USAGE = YES_ERROR;
				CLANG_WARN_DOCUMENTATION_COMMENTS = YES;
				CLANG_WARN_EMPTY_BODY = YES;
				CLANG_WARN_ENUM_CONVERSION = YES;
				CLANG_WARN_INFINITE_RECURSION = YES;
				CLANG_WARN_INT_CONVERSION = YES;
				CLANG_WARN_NON_LITERAL_NULL_CONVERSION = YES;
				CLANG_WARN_OBJC_IMPLICIT_RETAIN_SELF = YES;
				CLANG_WARN_OBJC_LITERAL_CONVERSION = YES;
				CLANG_WARN_OBJC_ROOT_CLASS = YES_ERROR;
				CLANG_WARN_RANGE_LOOP_ANALYSIS = YES;
				CLANG_WARN_STRICT_PROTOTYPES = YES;
				CLANG_WARN_SUSPICIOUS_MOVE = YES;
				CLANG_WARN_UNGUARDED_AVAILABILITY = YES_AGGRESSIVE;
				CLANG_WARN_UNREACHABLE_CODE = YES;
				CLANG_WARN__DUPLICATE_METHOD_MATCH = YES;
				COPY_PHASE_STRIP = NO;
				DEBUG_INFORMATION_FORMAT = "dwarf-with-dsym";
				ENABLE_NS_ASSERTIONS = NO;
				ENABLE_STRICT_OBJC_MSGSEND = YES;
				GCC_C_LANGUAGE_STANDARD = gnu11;
				GCC_NO_COMMON_BLOCKS = YES;
				GCC_WARN_64_TO_32_BIT_CONVERSION = YES;
				GCC_WARN_ABOUT_RETURN_TYPE = YES_ERROR;
				GCC_WARN_UNDECLARED_SELECTOR = YES;
				GCC_WARN_UNINITIALIZED_AUTOS = YES_AGGRESSIVE;
				GCC_WARN_UNUSED_FUNCTION = YES;
				GCC_WARN_UNUSED_VARIABLE = YES;
				IPHONEOS_DEPLOYMENT_TARGET = 13.4;
				MTL_ENABLE_DEBUG_INFO = NO;
				MTL_FAST_MATH = YES;
				SDKROOT = iphoneos;
				SWIFT_COMPILATION_MODE = wholemodule;
				SWIFT_OPTIMIZATION_LEVEL = "-O";
				VALIDATE_PRODUCT = YES;
			};
			name = Release;
		};
		6EAD6058244F7A1F00B7B62F /* Debug */ = {
			isa = XCBuildConfiguration;
			buildSettings = {
				ASSETCATALOG_COMPILER_APPICON_NAME = AppIcon;
				CODE_SIGN_STYLE = Automatic;
				DEVELOPMENT_TEAM = RDMPV99TF6;
				INFOPLIST_FILE = WordLinks/Info.plist;
				LD_RUNPATH_SEARCH_PATHS = (
					"$(inherited)",
					"@executable_path/Frameworks",
				);
				PRODUCT_BUNDLE_IDENTIFIER = "edu.stanford.spice-girls-cs194.WordLinks";
				PRODUCT_NAME = "$(TARGET_NAME)";
				SWIFT_VERSION = 5.0;
				TARGETED_DEVICE_FAMILY = "1,2";
			};
			name = Debug;
		};
		6EAD6059244F7A1F00B7B62F /* Release */ = {
			isa = XCBuildConfiguration;
			buildSettings = {
				ASSETCATALOG_COMPILER_APPICON_NAME = AppIcon;
				CODE_SIGN_STYLE = Automatic;
				DEVELOPMENT_TEAM = RDMPV99TF6;
				INFOPLIST_FILE = WordLinks/Info.plist;
				LD_RUNPATH_SEARCH_PATHS = (
					"$(inherited)",
					"@executable_path/Frameworks",
				);
				PRODUCT_BUNDLE_IDENTIFIER = "edu.stanford.spice-girls-cs194.WordLinks";
				PRODUCT_NAME = "$(TARGET_NAME)";
				SWIFT_VERSION = 5.0;
				TARGETED_DEVICE_FAMILY = "1,2";
			};
			name = Release;
		};
/* End XCBuildConfiguration section */

/* Begin XCConfigurationList section */
		6EAD603E244F7A1500B7B62F /* Build configuration list for PBXProject "WordLinks" */ = {
			isa = XCConfigurationList;
			buildConfigurations = (
				6EAD6055244F7A1F00B7B62F /* Debug */,
				6EAD6056244F7A1F00B7B62F /* Release */,
			);
			defaultConfigurationIsVisible = 0;
			defaultConfigurationName = Release;
		};
		6EAD6057244F7A1F00B7B62F /* Build configuration list for PBXNativeTarget "WordLinks" */ = {
			isa = XCConfigurationList;
			buildConfigurations = (
				6EAD6058244F7A1F00B7B62F /* Debug */,
				6EAD6059244F7A1F00B7B62F /* Release */,
			);
			defaultConfigurationIsVisible = 0;
			defaultConfigurationName = Release;
		};
/* End XCConfigurationList section */
	};
	rootObject = 6EAD603B244F7A1500B7B62F /* Project object */;
}
